
Microsoft Visual Studio Solution File, Format Version 12.00
# Visual Studio Version 17
VisualStudioVersion = 17.6.33417.168
MinimumVisualStudioVersion = 10.0.40219.1
Project("{9A19103F-16F7-4668-BE54-9A1E7A4F7556}") = "dgt.registration", "src\dgt.registration\dgt.registration.csproj", "{F8968C0E-3884-46C2-8DA0-707911E2345A}"
EndProject
Global
	GlobalSection(SolutionConfigurationPlatforms) = preSolution
		Debug|Any CPU = Debug|Any CPU
		Release|Any CPU = Release|Any CPU
	EndGlobalSection
	GlobalSection(ProjectConfigurationPlatforms) = postSolution
		{F8968C0E-3884-46C2-8DA0-707911E2345A}.Debug|Any CPU.ActiveCfg = Debug|Any CPU
		{F8968C0E-3884-46C2-8DA0-707911E2345A}.Debug|Any CPU.Build.0 = Debug|Any CPU
		{F8968C0E-3884-46C2-8DA0-707911E2345A}.Release|Any CPU.ActiveCfg = Release|Any CPU
		{F8968C0E-3884-46C2-8DA0-707911E2345A}.Release|Any CPU.Build.0 = Release|Any CPU
	EndGlobalSection
	GlobalSection(SolutionProperties) = preSolution
		HideSolutionNode = FALSE
	EndGlobalSection
	GlobalSection(ExtensibilityGlobals) = postSolution
		SolutionGuid = {96089F2C-C234-4E38-8EF0-7B3D44632A23}
	EndGlobalSection
EndGlobal
